// !$*UTF8*$!
{
	archiveVersion = 1;
	classes = {
	};
	objectVersion = 46;
	objects = {

/* Begin PBXAggregateTarget section */
		"BigInt::BigIntPackageTests::ProductTarget" /* BigIntPackageTests */ = {
			isa = PBXAggregateTarget;
			buildConfigurationList = OBJ_91 /* Build configuration list for PBXAggregateTarget "BigIntPackageTests" */;
			buildPhases = (
			);
			dependencies = (
				OBJ_94 /* PBXTargetDependency */,
			);
			name = BigIntPackageTests;
			productName = BigIntPackageTests;
		};
/* End PBXAggregateTarget section */

/* Begin PBXBuildFile section */
		OBJ_100 /* BigIntTests.swift in Sources */ = {isa = PBXBuildFile; fileRef = OBJ_32 /* BigIntTests.swift */; };
		OBJ_101 /* BigUIntTests.swift in Sources */ = {isa = PBXBuildFile; fileRef = OBJ_33 /* BigUIntTests.swift */; };
		OBJ_102 /* ProfileTests.swift in Sources */ = {isa = PBXBuildFile; fileRef = OBJ_34 /* ProfileTests.swift */; };
		OBJ_103 /* Tools.swift in Sources */ = {isa = PBXBuildFile; fileRef = OBJ_35 /* Tools.swift */; };
		OBJ_104 /* WordTests.swift in Sources */ = {isa = PBXBuildFile; fileRef = OBJ_36 /* WordTests.swift */; };
		OBJ_106 /* BigInt.framework in Frameworks */ = {isa = PBXBuildFile; fileRef = "BigInt::BigInt::Product" /* BigInt.framework */; };
		OBJ_107 /* SipHash.framework in Frameworks */ = {isa = PBXBuildFile; fileRef = "SipHash::SipHash::Product" /* SipHash.framework */; };
		OBJ_114 /* Primitive Types.swift in Sources */ = {isa = PBXBuildFile; fileRef = OBJ_44 /* Primitive Types.swift */; };
		OBJ_115 /* RandomUInt64.swift in Sources */ = {isa = PBXBuildFile; fileRef = OBJ_45 /* RandomUInt64.swift */; };
		OBJ_116 /* SipHashable.swift in Sources */ = {isa = PBXBuildFile; fileRef = OBJ_46 /* SipHashable.swift */; };
		OBJ_117 /* SipHasher.swift in Sources */ = {isa = PBXBuildFile; fileRef = OBJ_47 /* SipHasher.swift */; };
		OBJ_124 /* Package.swift in Sources */ = {isa = PBXBuildFile; fileRef = OBJ_48 /* Package.swift */; };
		OBJ_58 /* Addition.swift in Sources */ = {isa = PBXBuildFile; fileRef = OBJ_8 /* Addition.swift */; };
		OBJ_59 /* BigInt.swift in Sources */ = {isa = PBXBuildFile; fileRef = OBJ_9 /* BigInt.swift */; };
		OBJ_60 /* BigUInt.swift in Sources */ = {isa = PBXBuildFile; fileRef = OBJ_10 /* BigUInt.swift */; };
		OBJ_61 /* Bitwise Ops.swift in Sources */ = {isa = PBXBuildFile; fileRef = OBJ_11 /* Bitwise Ops.swift */; };
		OBJ_62 /* Codable.swift in Sources */ = {isa = PBXBuildFile; fileRef = OBJ_12 /* Codable.swift */; };
		OBJ_63 /* Comparable.swift in Sources */ = {isa = PBXBuildFile; fileRef = OBJ_13 /* Comparable.swift */; };
		OBJ_64 /* Data Conversion.swift in Sources */ = {isa = PBXBuildFile; fileRef = OBJ_14 /* Data Conversion.swift */; };
		OBJ_65 /* Division.swift in Sources */ = {isa = PBXBuildFile; fileRef = OBJ_15 /* Division.swift */; };
		OBJ_66 /* Exponentiation.swift in Sources */ = {isa = PBXBuildFile; fileRef = OBJ_16 /* Exponentiation.swift */; };
		OBJ_67 /* Floating Point Conversion.swift in Sources */ = {isa = PBXBuildFile; fileRef = OBJ_17 /* Floating Point Conversion.swift */; };
		OBJ_68 /* GCD.swift in Sources */ = {isa = PBXBuildFile; fileRef = OBJ_18 /* GCD.swift */; };
		OBJ_69 /* Hashable.swift in Sources */ = {isa = PBXBuildFile; fileRef = OBJ_19 /* Hashable.swift */; };
		OBJ_70 /* Integer Conversion.swift in Sources */ = {isa = PBXBuildFile; fileRef = OBJ_20 /* Integer Conversion.swift */; };
		OBJ_71 /* Multiplication.swift in Sources */ = {isa = PBXBuildFile; fileRef = OBJ_21 /* Multiplication.swift */; };
		OBJ_72 /* Prime Test.swift in Sources */ = {isa = PBXBuildFile; fileRef = OBJ_22 /* Prime Test.swift */; };
		OBJ_73 /* Random.swift in Sources */ = {isa = PBXBuildFile; fileRef = OBJ_23 /* Random.swift */; };
		OBJ_74 /* Shifts.swift in Sources */ = {isa = PBXBuildFile; fileRef = OBJ_24 /* Shifts.swift */; };
		OBJ_75 /* Square Root.swift in Sources */ = {isa = PBXBuildFile; fileRef = OBJ_25 /* Square Root.swift */; };
		OBJ_76 /* Strideable.swift in Sources */ = {isa = PBXBuildFile; fileRef = OBJ_26 /* Strideable.swift */; };
		OBJ_77 /* String Conversion.swift in Sources */ = {isa = PBXBuildFile; fileRef = OBJ_27 /* String Conversion.swift */; };
		OBJ_78 /* Subtraction.swift in Sources */ = {isa = PBXBuildFile; fileRef = OBJ_28 /* Subtraction.swift */; };
		OBJ_79 /* Words and Bits.swift in Sources */ = {isa = PBXBuildFile; fileRef = OBJ_29 /* Words and Bits.swift */; };
		OBJ_81 /* SipHash.framework in Frameworks */ = {isa = PBXBuildFile; fileRef = "SipHash::SipHash::Product" /* SipHash.framework */; };
		OBJ_89 /* Package.swift in Sources */ = {isa = PBXBuildFile; fileRef = OBJ_6 /* Package.swift */; };
/* End PBXBuildFile section */

/* Begin PBXContainerItemProxy section */
		9E7C947B20B9D49800A19CE8 /* PBXContainerItemProxy */ = {
			isa = PBXContainerItemProxy;
			containerPortal = OBJ_1 /* Project object */;
			proxyType = 1;
			remoteGlobalIDString = "SipHash::SipHash";
			remoteInfo = SipHash;
		};
		9E7C947C20B9D49800A19CE8 /* PBXContainerItemProxy */ = {
			isa = PBXContainerItemProxy;
			containerPortal = OBJ_1 /* Project object */;
			proxyType = 1;
			remoteGlobalIDString = "BigInt::BigInt";
			remoteInfo = BigInt;
		};
		9E7C947D20B9D49800A19CE8 /* PBXContainerItemProxy */ = {
			isa = PBXContainerItemProxy;
			containerPortal = OBJ_1 /* Project object */;
			proxyType = 1;
			remoteGlobalIDString = "SipHash::SipHash";
			remoteInfo = SipHash;
		};
		9E7C947E20B9D49800A19CE8 /* PBXContainerItemProxy */ = {
			isa = PBXContainerItemProxy;
			containerPortal = OBJ_1 /* Project object */;
			proxyType = 1;
			remoteGlobalIDString = "BigInt::BigIntTests";
			remoteInfo = BigIntTests;
		};
/* End PBXContainerItemProxy section */

/* Begin PBXFileReference section */
		"BigInt::BigInt::Product" /* BigInt.framework */ = {isa = PBXFileReference; explicitFileType = wrapper.framework; path = BigInt.framework; sourceTree = BUILT_PRODUCTS_DIR; };
		"BigInt::BigIntTests::Product" /* BigIntTests.xctest */ = {isa = PBXFileReference; lastKnownFileType = file; path = BigIntTests.xctest; sourceTree = BUILT_PRODUCTS_DIR; };
		OBJ_10 /* BigUInt.swift */ = {isa = PBXFileReference; lastKnownFileType = sourcecode.swift; path = BigUInt.swift; sourceTree = "<group>"; };
		OBJ_11 /* Bitwise Ops.swift */ = {isa = PBXFileReference; lastKnownFileType = sourcecode.swift; path = "Bitwise Ops.swift"; sourceTree = "<group>"; };
		OBJ_12 /* Codable.swift */ = {isa = PBXFileReference; lastKnownFileType = sourcecode.swift; path = Codable.swift; sourceTree = "<group>"; };
		OBJ_13 /* Comparable.swift */ = {isa = PBXFileReference; lastKnownFileType = sourcecode.swift; path = Comparable.swift; sourceTree = "<group>"; };
		OBJ_14 /* Data Conversion.swift */ = {isa = PBXFileReference; lastKnownFileType = sourcecode.swift; path = "Data Conversion.swift"; sourceTree = "<group>"; };
		OBJ_15 /* Division.swift */ = {isa = PBXFileReference; lastKnownFileType = sourcecode.swift; path = Division.swift; sourceTree = "<group>"; };
		OBJ_16 /* Exponentiation.swift */ = {isa = PBXFileReference; lastKnownFileType = sourcecode.swift; path = Exponentiation.swift; sourceTree = "<group>"; };
		OBJ_17 /* Floating Point Conversion.swift */ = {isa = PBXFileReference; lastKnownFileType = sourcecode.swift; path = "Floating Point Conversion.swift"; sourceTree = "<group>"; };
		OBJ_18 /* GCD.swift */ = {isa = PBXFileReference; lastKnownFileType = sourcecode.swift; path = GCD.swift; sourceTree = "<group>"; };
		OBJ_19 /* Hashable.swift */ = {isa = PBXFileReference; lastKnownFileType = sourcecode.swift; path = Hashable.swift; sourceTree = "<group>"; };
		OBJ_20 /* Integer Conversion.swift */ = {isa = PBXFileReference; lastKnownFileType = sourcecode.swift; path = "Integer Conversion.swift"; sourceTree = "<group>"; };
		OBJ_21 /* Multiplication.swift */ = {isa = PBXFileReference; lastKnownFileType = sourcecode.swift; path = Multiplication.swift; sourceTree = "<group>"; };
		OBJ_22 /* Prime Test.swift */ = {isa = PBXFileReference; lastKnownFileType = sourcecode.swift; path = "Prime Test.swift"; sourceTree = "<group>"; };
		OBJ_23 /* Random.swift */ = {isa = PBXFileReference; lastKnownFileType = sourcecode.swift; path = Random.swift; sourceTree = "<group>"; };
		OBJ_24 /* Shifts.swift */ = {isa = PBXFileReference; lastKnownFileType = sourcecode.swift; path = Shifts.swift; sourceTree = "<group>"; };
		OBJ_25 /* Square Root.swift */ = {isa = PBXFileReference; lastKnownFileType = sourcecode.swift; path = "Square Root.swift"; sourceTree = "<group>"; };
		OBJ_26 /* Strideable.swift */ = {isa = PBXFileReference; lastKnownFileType = sourcecode.swift; path = Strideable.swift; sourceTree = "<group>"; };
		OBJ_27 /* String Conversion.swift */ = {isa = PBXFileReference; lastKnownFileType = sourcecode.swift; path = "String Conversion.swift"; sourceTree = "<group>"; };
		OBJ_28 /* Subtraction.swift */ = {isa = PBXFileReference; lastKnownFileType = sourcecode.swift; path = Subtraction.swift; sourceTree = "<group>"; };
		OBJ_29 /* Words and Bits.swift */ = {isa = PBXFileReference; lastKnownFileType = sourcecode.swift; path = "Words and Bits.swift"; sourceTree = "<group>"; };
		OBJ_32 /* BigIntTests.swift */ = {isa = PBXFileReference; lastKnownFileType = sourcecode.swift; path = BigIntTests.swift; sourceTree = "<group>"; };
		OBJ_33 /* BigUIntTests.swift */ = {isa = PBXFileReference; lastKnownFileType = sourcecode.swift; path = BigUIntTests.swift; sourceTree = "<group>"; };
		OBJ_34 /* ProfileTests.swift */ = {isa = PBXFileReference; lastKnownFileType = sourcecode.swift; path = ProfileTests.swift; sourceTree = "<group>"; };
		OBJ_35 /* Tools.swift */ = {isa = PBXFileReference; lastKnownFileType = sourcecode.swift; path = Tools.swift; sourceTree = "<group>"; };
		OBJ_36 /* WordTests.swift */ = {isa = PBXFileReference; lastKnownFileType = sourcecode.swift; path = WordTests.swift; sourceTree = "<group>"; };
		OBJ_37 /* images */ = {isa = PBXFileReference; lastKnownFileType = folder; path = images; sourceTree = SOURCE_ROOT; };
		OBJ_38 /* Carthage */ = {isa = PBXFileReference; lastKnownFileType = folder; path = Carthage; sourceTree = SOURCE_ROOT; };
		OBJ_39 /* BigInt.xcworkspace */ = {isa = PBXFileReference; lastKnownFileType = wrapper.workspace; path = BigInt.xcworkspace; sourceTree = SOURCE_ROOT; };
		OBJ_40 /* docs */ = {isa = PBXFileReference; lastKnownFileType = folder; path = docs; sourceTree = SOURCE_ROOT; };
		OBJ_44 /* Primitive Types.swift */ = {isa = PBXFileReference; lastKnownFileType = sourcecode.swift; path = "Primitive Types.swift"; sourceTree = "<group>"; };
		OBJ_45 /* RandomUInt64.swift */ = {isa = PBXFileReference; lastKnownFileType = sourcecode.swift; path = RandomUInt64.swift; sourceTree = "<group>"; };
		OBJ_46 /* SipHashable.swift */ = {isa = PBXFileReference; lastKnownFileType = sourcecode.swift; path = SipHashable.swift; sourceTree = "<group>"; };
		OBJ_47 /* SipHasher.swift */ = {isa = PBXFileReference; lastKnownFileType = sourcecode.swift; path = SipHasher.swift; sourceTree = "<group>"; };
		OBJ_48 /* Package.swift */ = {isa = PBXFileReference; explicitFileType = sourcecode.swift; name = Package.swift; path = "/Users/dankogai/github/attaswift/BigInt/.build/checkouts/SipHash--340540534556366043/Package.swift"; sourceTree = "<group>"; };
		OBJ_6 /* Package.swift */ = {isa = PBXFileReference; explicitFileType = sourcecode.swift; path = Package.swift; sourceTree = "<group>"; };
		OBJ_8 /* Addition.swift */ = {isa = PBXFileReference; lastKnownFileType = sourcecode.swift; path = Addition.swift; sourceTree = "<group>"; };
		OBJ_9 /* BigInt.swift */ = {isa = PBXFileReference; lastKnownFileType = sourcecode.swift; path = BigInt.swift; sourceTree = "<group>"; };
		"SipHash::SipHash::Product" /* SipHash.framework */ = {isa = PBXFileReference; explicitFileType = wrapper.framework; path = SipHash.framework; sourceTree = BUILT_PRODUCTS_DIR; };
/* End PBXFileReference section */

/* Begin PBXFrameworksBuildPhase section */
		OBJ_105 /* Frameworks */ = {
			isa = PBXFrameworksBuildPhase;
			buildActionMask = 0;
			files = (
				OBJ_106 /* BigInt.framework in Frameworks */,
				OBJ_107 /* SipHash.framework in Frameworks */,
			);
			runOnlyForDeploymentPostprocessing = 0;
		};
		OBJ_118 /* Frameworks */ = {
			isa = PBXFrameworksBuildPhase;
			buildActionMask = 0;
			files = (
			);
			runOnlyForDeploymentPostprocessing = 0;
		};
		OBJ_80 /* Frameworks */ = {
			isa = PBXFrameworksBuildPhase;
			buildActionMask = 0;
			files = (
				OBJ_81 /* SipHash.framework in Frameworks */,
			);
			runOnlyForDeploymentPostprocessing = 0;
		};
/* End PBXFrameworksBuildPhase section */

/* Begin PBXGroup section */
		OBJ_30 /* Tests */ = {
			isa = PBXGroup;
			children = (
				OBJ_31 /* BigIntTests */,
			);
			name = Tests;
			path = tests;
			sourceTree = SOURCE_ROOT;
		};
		OBJ_31 /* BigIntTests */ = {
			isa = PBXGroup;
			children = (
				OBJ_32 /* BigIntTests.swift */,
				OBJ_33 /* BigUIntTests.swift */,
				OBJ_34 /* ProfileTests.swift */,
				OBJ_35 /* Tools.swift */,
				OBJ_36 /* WordTests.swift */,
			);
			path = BigIntTests;
			sourceTree = "<group>";
		};
		OBJ_41 /* Dependencies */ = {
			isa = PBXGroup;
			children = (
				OBJ_42 /* SipHash 1.2.0 */,
			);
			name = Dependencies;
			sourceTree = "<group>";
		};
		OBJ_42 /* SipHash 1.2.0 */ = {
			isa = PBXGroup;
			children = (
				OBJ_43 /* SipHash */,
				OBJ_48 /* Package.swift */,
			);
			name = "SipHash 1.2.0";
			sourceTree = SOURCE_ROOT;
		};
		OBJ_43 /* SipHash */ = {
			isa = PBXGroup;
			children = (
				OBJ_44 /* Primitive Types.swift */,
				OBJ_45 /* RandomUInt64.swift */,
				OBJ_46 /* SipHashable.swift */,
				OBJ_47 /* SipHasher.swift */,
			);
			name = SipHash;
			path = ".build/checkouts/SipHash--340540534556366043/SipHash";
			sourceTree = SOURCE_ROOT;
		};
		OBJ_49 /* Products */ = {
			isa = PBXGroup;
			children = (
				"BigInt::BigIntTests::Product" /* BigIntTests.xctest */,
				"SipHash::SipHash::Product" /* SipHash.framework */,
				"BigInt::BigInt::Product" /* BigInt.framework */,
			);
			name = Products;
			sourceTree = BUILT_PRODUCTS_DIR;
		};
		OBJ_5 /*  */ = {
			isa = PBXGroup;
			children = (
				OBJ_6 /* Package.swift */,
				OBJ_7 /* Sources */,
				OBJ_30 /* Tests */,
				OBJ_37 /* images */,
				OBJ_38 /* Carthage */,
				OBJ_39 /* BigInt.xcworkspace */,
				OBJ_40 /* docs */,
				OBJ_41 /* Dependencies */,
				OBJ_49 /* Products */,
			);
			name = "";
			sourceTree = "<group>";
		};
		OBJ_7 /* Sources */ = {
			isa = PBXGroup;
			children = (
				OBJ_8 /* Addition.swift */,
				OBJ_9 /* BigInt.swift */,
				OBJ_10 /* BigUInt.swift */,
				OBJ_11 /* Bitwise Ops.swift */,
				OBJ_12 /* Codable.swift */,
				OBJ_13 /* Comparable.swift */,
				OBJ_14 /* Data Conversion.swift */,
				OBJ_15 /* Division.swift */,
				OBJ_16 /* Exponentiation.swift */,
				OBJ_17 /* Floating Point Conversion.swift */,
				OBJ_18 /* GCD.swift */,
				OBJ_19 /* Hashable.swift */,
				OBJ_20 /* Integer Conversion.swift */,
				OBJ_21 /* Multiplication.swift */,
				OBJ_22 /* Prime Test.swift */,
				OBJ_23 /* Random.swift */,
				OBJ_24 /* Shifts.swift */,
				OBJ_25 /* Square Root.swift */,
				OBJ_26 /* Strideable.swift */,
				OBJ_27 /* String Conversion.swift */,
				OBJ_28 /* Subtraction.swift */,
				OBJ_29 /* Words and Bits.swift */,
			);
			name = Sources;
			path = sources;
			sourceTree = SOURCE_ROOT;
		};
/* End PBXGroup section */

/* Begin PBXNativeTarget section */
		"BigInt::BigInt" /* BigInt */ = {
			isa = PBXNativeTarget;
			buildConfigurationList = OBJ_54 /* Build configuration list for PBXNativeTarget "BigInt" */;
			buildPhases = (
				OBJ_57 /* Sources */,
				OBJ_80 /* Frameworks */,
			);
			buildRules = (
			);
			dependencies = (
				OBJ_82 /* PBXTargetDependency */,
			);
			name = BigInt;
			productName = BigInt;
			productReference = "BigInt::BigInt::Product" /* BigInt.framework */;
			productType = "com.apple.product-type.framework";
		};
		"BigInt::BigIntTests" /* BigIntTests */ = {
			isa = PBXNativeTarget;
			buildConfigurationList = OBJ_96 /* Build configuration list for PBXNativeTarget "BigIntTests" */;
			buildPhases = (
				OBJ_99 /* Sources */,
				OBJ_105 /* Frameworks */,
			);
			buildRules = (
			);
			dependencies = (
				OBJ_108 /* PBXTargetDependency */,
				OBJ_109 /* PBXTargetDependency */,
			);
			name = BigIntTests;
			productName = BigIntTests;
			productReference = "BigInt::BigIntTests::Product" /* BigIntTests.xctest */;
			productType = "com.apple.product-type.bundle.unit-test";
		};
		"BigInt::SwiftPMPackageDescription" /* BigIntPackageDescription */ = {
			isa = PBXNativeTarget;
			buildConfigurationList = OBJ_85 /* Build configuration list for PBXNativeTarget "BigIntPackageDescription" */;
			buildPhases = (
				OBJ_88 /* Sources */,
			);
			buildRules = (
			);
			dependencies = (
			);
			name = BigIntPackageDescription;
			productName = BigIntPackageDescription;
			productType = "com.apple.product-type.framework";
		};
		"SipHash::SipHash" /* SipHash */ = {
			isa = PBXNativeTarget;
			buildConfigurationList = OBJ_110 /* Build configuration list for PBXNativeTarget "SipHash" */;
			buildPhases = (
				OBJ_113 /* Sources */,
				OBJ_118 /* Frameworks */,
			);
			buildRules = (
			);
			dependencies = (
			);
			name = SipHash;
			productName = SipHash;
			productReference = "SipHash::SipHash::Product" /* SipHash.framework */;
			productType = "com.apple.product-type.framework";
		};
		"SipHash::SwiftPMPackageDescription" /* SipHashPackageDescription */ = {
			isa = PBXNativeTarget;
			buildConfigurationList = OBJ_120 /* Build configuration list for PBXNativeTarget "SipHashPackageDescription" */;
			buildPhases = (
				OBJ_123 /* Sources */,
			);
			buildRules = (
			);
			dependencies = (
			);
			name = SipHashPackageDescription;
			productName = SipHashPackageDescription;
			productType = "com.apple.product-type.framework";
		};
/* End PBXNativeTarget section */

/* Begin PBXProject section */
		OBJ_1 /* Project object */ = {
			isa = PBXProject;
			attributes = {
				LastUpgradeCheck = 9999;
			};
			buildConfigurationList = OBJ_2 /* Build configuration list for PBXProject "BigInt" */;
			compatibilityVersion = "Xcode 3.2";
			developmentRegion = English;
			hasScannedForEncodings = 0;
			knownRegions = (
				en,
			);
			mainGroup = OBJ_5 /*  */;
			productRefGroup = OBJ_49 /* Products */;
			projectDirPath = "";
			projectRoot = "";
			targets = (
				"BigInt::BigInt" /* BigInt */,
				"BigInt::SwiftPMPackageDescription" /* BigIntPackageDescription */,
				"BigInt::BigIntPackageTests::ProductTarget" /* BigIntPackageTests */,
				"BigInt::BigIntTests" /* BigIntTests */,
				"SipHash::SipHash" /* SipHash */,
				"SipHash::SwiftPMPackageDescription" /* SipHashPackageDescription */,
			);
		};
/* End PBXProject section */

/* Begin PBXSourcesBuildPhase section */
		OBJ_113 /* Sources */ = {
			isa = PBXSourcesBuildPhase;
			buildActionMask = 0;
			files = (
				OBJ_114 /* Primitive Types.swift in Sources */,
				OBJ_115 /* RandomUInt64.swift in Sources */,
				OBJ_116 /* SipHashable.swift in Sources */,
				OBJ_117 /* SipHasher.swift in Sources */,
			);
			runOnlyForDeploymentPostprocessing = 0;
		};
		OBJ_123 /* Sources */ = {
			isa = PBXSourcesBuildPhase;
			buildActionMask = 0;
			files = (
				OBJ_124 /* Package.swift in Sources */,
			);
			runOnlyForDeploymentPostprocessing = 0;
		};
		OBJ_57 /* Sources */ = {
			isa = PBXSourcesBuildPhase;
			buildActionMask = 0;
			files = (
				OBJ_58 /* Addition.swift in Sources */,
				OBJ_59 /* BigInt.swift in Sources */,
				OBJ_60 /* BigUInt.swift in Sources */,
				OBJ_61 /* Bitwise Ops.swift in Sources */,
				OBJ_62 /* Codable.swift in Sources */,
				OBJ_63 /* Comparable.swift in Sources */,
				OBJ_64 /* Data Conversion.swift in Sources */,
				OBJ_65 /* Division.swift in Sources */,
				OBJ_66 /* Exponentiation.swift in Sources */,
				OBJ_67 /* Floating Point Conversion.swift in Sources */,
				OBJ_68 /* GCD.swift in Sources */,
				OBJ_69 /* Hashable.swift in Sources */,
				OBJ_70 /* Integer Conversion.swift in Sources */,
				OBJ_71 /* Multiplication.swift in Sources */,
				OBJ_72 /* Prime Test.swift in Sources */,
				OBJ_73 /* Random.swift in Sources */,
				OBJ_74 /* Shifts.swift in Sources */,
				OBJ_75 /* Square Root.swift in Sources */,
				OBJ_76 /* Strideable.swift in Sources */,
				OBJ_77 /* String Conversion.swift in Sources */,
				OBJ_78 /* Subtraction.swift in Sources */,
				OBJ_79 /* Words and Bits.swift in Sources */,
			);
			runOnlyForDeploymentPostprocessing = 0;
		};
		OBJ_88 /* Sources */ = {
			isa = PBXSourcesBuildPhase;
			buildActionMask = 0;
			files = (
				OBJ_89 /* Package.swift in Sources */,
			);
			runOnlyForDeploymentPostprocessing = 0;
		};
		OBJ_99 /* Sources */ = {
			isa = PBXSourcesBuildPhase;
			buildActionMask = 0;
			files = (
				OBJ_100 /* BigIntTests.swift in Sources */,
				OBJ_101 /* BigUIntTests.swift in Sources */,
				OBJ_102 /* ProfileTests.swift in Sources */,
				OBJ_103 /* Tools.swift in Sources */,
				OBJ_104 /* WordTests.swift in Sources */,
			);
			runOnlyForDeploymentPostprocessing = 0;
		};
/* End PBXSourcesBuildPhase section */

/* Begin PBXTargetDependency section */
		OBJ_108 /* PBXTargetDependency */ = {
			isa = PBXTargetDependency;
			target = "BigInt::BigInt" /* BigInt */;
			targetProxy = 9E7C947C20B9D49800A19CE8 /* PBXContainerItemProxy */;
		};
		OBJ_109 /* PBXTargetDependency */ = {
			isa = PBXTargetDependency;
			target = "SipHash::SipHash" /* SipHash */;
			targetProxy = 9E7C947D20B9D49800A19CE8 /* PBXContainerItemProxy */;
		};
		OBJ_82 /* PBXTargetDependency */ = {
			isa = PBXTargetDependency;
			target = "SipHash::SipHash" /* SipHash */;
			targetProxy = 9E7C947B20B9D49800A19CE8 /* PBXContainerItemProxy */;
		};
		OBJ_94 /* PBXTargetDependency */ = {
			isa = PBXTargetDependency;
			target = "BigInt::BigIntTests" /* BigIntTests */;
			targetProxy = 9E7C947E20B9D49800A19CE8 /* PBXContainerItemProxy */;
		};
/* End PBXTargetDependency section */

/* Begin XCBuildConfiguration section */
		OBJ_111 /* Debug */ = {
			isa = XCBuildConfiguration;
			buildSettings = {
				ENABLE_TESTABILITY = YES;
				FRAMEWORK_SEARCH_PATHS = (
					"$(inherited)",
					"$(PLATFORM_DIR)/Developer/Library/Frameworks",
				);
				HEADER_SEARCH_PATHS = "$(inherited)";
				INFOPLIST_FILE = BigInt.xcodeproj/SipHash_Info.plist;
				LD_RUNPATH_SEARCH_PATHS = "$(inherited) $(TOOLCHAIN_DIR)/usr/lib/swift/macosx";
				OTHER_CFLAGS = "$(inherited)";
				OTHER_LDFLAGS = "$(inherited)";
				OTHER_SWIFT_FLAGS = "$(inherited)";
				PRODUCT_BUNDLE_IDENTIFIER = SipHash;
				PRODUCT_MODULE_NAME = "$(TARGET_NAME:c99extidentifier)";
				PRODUCT_NAME = "$(TARGET_NAME:c99extidentifier)";
				SKIP_INSTALL = YES;
				SWIFT_VERSION = 4.0;
				TARGET_NAME = SipHash;
			};
			name = Debug;
		};
		OBJ_112 /* Release */ = {
			isa = XCBuildConfiguration;
			buildSettings = {
				ENABLE_TESTABILITY = YES;
				FRAMEWORK_SEARCH_PATHS = (
					"$(inherited)",
					"$(PLATFORM_DIR)/Developer/Library/Frameworks",
				);
				HEADER_SEARCH_PATHS = "$(inherited)";
				INFOPLIST_FILE = BigInt.xcodeproj/SipHash_Info.plist;
				LD_RUNPATH_SEARCH_PATHS = "$(inherited) $(TOOLCHAIN_DIR)/usr/lib/swift/macosx";
				OTHER_CFLAGS = "$(inherited)";
				OTHER_LDFLAGS = "$(inherited)";
				OTHER_SWIFT_FLAGS = "$(inherited)";
				PRODUCT_BUNDLE_IDENTIFIER = SipHash;
				PRODUCT_MODULE_NAME = "$(TARGET_NAME:c99extidentifier)";
				PRODUCT_NAME = "$(TARGET_NAME:c99extidentifier)";
				SKIP_INSTALL = YES;
				SWIFT_VERSION = 4.0;
				TARGET_NAME = SipHash;
			};
			name = Release;
		};
		OBJ_121 /* Debug */ = {
			isa = XCBuildConfiguration;
			buildSettings = {
				LD = /usr/bin/true;
				OTHER_SWIFT_FLAGS = "-swift-version 4 -I $(TOOLCHAIN_DIR)/usr/lib/swift/pm/4 -target x86_64-apple-macosx10.10 -sdk /Applications/Xcode.app/Contents/Developer/Platforms/MacOSX.platform/Developer/SDKs/MacOSX10.13.sdk";
				SWIFT_VERSION = 4.0;
			};
			name = Debug;
		};
		OBJ_122 /* Release */ = {
			isa = XCBuildConfiguration;
			buildSettings = {
				LD = /usr/bin/true;
				OTHER_SWIFT_FLAGS = "-swift-version 4 -I $(TOOLCHAIN_DIR)/usr/lib/swift/pm/4 -target x86_64-apple-macosx10.10 -sdk /Applications/Xcode.app/Contents/Developer/Platforms/MacOSX.platform/Developer/SDKs/MacOSX10.13.sdk";
				SWIFT_VERSION = 4.0;
			};
			name = Release;
		};
		OBJ_3 /* Debug */ = {
			isa = XCBuildConfiguration;
			buildSettings = {
				CLANG_ENABLE_OBJC_ARC = YES;
				COMBINE_HIDPI_IMAGES = YES;
				COPY_PHASE_STRIP = NO;
				DEBUG_INFORMATION_FORMAT = dwarf;
				DYLIB_INSTALL_NAME_BASE = "@rpath";
				ENABLE_NS_ASSERTIONS = YES;
				GCC_OPTIMIZATION_LEVEL = 0;
				MACOSX_DEPLOYMENT_TARGET = 10.10;
				ONLY_ACTIVE_ARCH = YES;
				OTHER_SWIFT_FLAGS = "-DXcode";
				PRODUCT_NAME = "$(TARGET_NAME)";
				SDKROOT = macosx;
				SUPPORTED_PLATFORMS = "macosx iphoneos iphonesimulator appletvos appletvsimulator watchos watchsimulator";
				SWIFT_ACTIVE_COMPILATION_CONDITIONS = SWIFT_PACKAGE;
				SWIFT_OPTIMIZATION_LEVEL = "-Onone";
				USE_HEADERMAP = NO;
			};
			name = Debug;
		};
		OBJ_4 /* Release */ = {
			isa = XCBuildConfiguration;
			buildSettings = {
				CLANG_ENABLE_OBJC_ARC = YES;
				COMBINE_HIDPI_IMAGES = YES;
				COPY_PHASE_STRIP = YES;
				DEBUG_INFORMATION_FORMAT = "dwarf-with-dsym";
				DYLIB_INSTALL_NAME_BASE = "@rpath";
				GCC_OPTIMIZATION_LEVEL = s;
				MACOSX_DEPLOYMENT_TARGET = 10.10;
				OTHER_SWIFT_FLAGS = "-DXcode";
				PRODUCT_NAME = "$(TARGET_NAME)";
				SDKROOT = macosx;
				SUPPORTED_PLATFORMS = "macosx iphoneos iphonesimulator appletvos appletvsimulator watchos watchsimulator";
				SWIFT_ACTIVE_COMPILATION_CONDITIONS = SWIFT_PACKAGE;
				SWIFT_OPTIMIZATION_LEVEL = "-Owholemodule";
				USE_HEADERMAP = NO;
			};
			name = Release;
		};
		OBJ_55 /* Debug */ = {
			isa = XCBuildConfiguration;
			buildSettings = {
				ENABLE_TESTABILITY = YES;
				FRAMEWORK_SEARCH_PATHS = (
					"$(inherited)",
					"$(PLATFORM_DIR)/Developer/Library/Frameworks",
				);
				HEADER_SEARCH_PATHS = "$(inherited)";
				INFOPLIST_FILE = BigInt.xcodeproj/BigInt_Info.plist;
				LD_RUNPATH_SEARCH_PATHS = "$(inherited) $(TOOLCHAIN_DIR)/usr/lib/swift/macosx";
				OTHER_CFLAGS = "$(inherited)";
				OTHER_LDFLAGS = "$(inherited)";
				OTHER_SWIFT_FLAGS = "$(inherited)";
				PRODUCT_BUNDLE_IDENTIFIER = BigInt;
				PRODUCT_MODULE_NAME = "$(TARGET_NAME:c99extidentifier)";
				PRODUCT_NAME = "$(TARGET_NAME:c99extidentifier)";
				SKIP_INSTALL = YES;
				SWIFT_VERSION = 4.0;
				TARGET_NAME = BigInt;
			};
			name = Debug;
		};
		OBJ_56 /* Release */ = {
			isa = XCBuildConfiguration;
			buildSettings = {
				ENABLE_TESTABILITY = YES;
				FRAMEWORK_SEARCH_PATHS = (
					"$(inherited)",
					"$(PLATFORM_DIR)/Developer/Library/Frameworks",
				);
				HEADER_SEARCH_PATHS = "$(inherited)";
				INFOPLIST_FILE = BigInt.xcodeproj/BigInt_Info.plist;
				LD_RUNPATH_SEARCH_PATHS = "$(inherited) $(TOOLCHAIN_DIR)/usr/lib/swift/macosx";
				OTHER_CFLAGS = "$(inherited)";
				OTHER_LDFLAGS = "$(inherited)";
				OTHER_SWIFT_FLAGS = "$(inherited)";
				PRODUCT_BUNDLE_IDENTIFIER = BigInt;
				PRODUCT_MODULE_NAME = "$(TARGET_NAME:c99extidentifier)";
				PRODUCT_NAME = "$(TARGET_NAME:c99extidentifier)";
				SKIP_INSTALL = YES;
				SWIFT_VERSION = 4.0;
				TARGET_NAME = BigInt;
			};
			name = Release;
		};
		OBJ_86 /* Debug */ = {
			isa = XCBuildConfiguration;
			buildSettings = {
				LD = /usr/bin/true;
				OTHER_SWIFT_FLAGS = "-swift-version 4 -I $(TOOLCHAIN_DIR)/usr/lib/swift/pm/4 -target x86_64-apple-macosx10.10 -sdk /Applications/Xcode.app/Contents/Developer/Platforms/MacOSX.platform/Developer/SDKs/MacOSX10.13.sdk";
				SWIFT_VERSION = 4.0;
			};
			name = Debug;
		};
		OBJ_87 /* Release */ = {
			isa = XCBuildConfiguration;
			buildSettings = {
				LD = /usr/bin/true;
				OTHER_SWIFT_FLAGS = "-swift-version 4 -I $(TOOLCHAIN_DIR)/usr/lib/swift/pm/4 -target x86_64-apple-macosx10.10 -sdk /Applications/Xcode.app/Contents/Developer/Platforms/MacOSX.platform/Developer/SDKs/MacOSX10.13.sdk";
				SWIFT_VERSION = 4.0;
			};
			name = Release;
		};
		OBJ_92 /* Debug */ = {
			isa = XCBuildConfiguration;
			buildSettings = {
			};
			name = Debug;
		};
		OBJ_93 /* Release */ = {
			isa = XCBuildConfiguration;
			buildSettings = {
			};
			name = Release;
		};
		OBJ_97 /* Debug */ = {
			isa = XCBuildConfiguration;
			buildSettings = {
				EMBEDDED_CONTENT_CONTAINS_SWIFT = YES;
				FRAMEWORK_SEARCH_PATHS = (
					"$(inherited)",
					"$(PLATFORM_DIR)/Developer/Library/Frameworks",
				);
				HEADER_SEARCH_PATHS = "$(inherited)";
				INFOPLIST_FILE = BigInt.xcodeproj/BigIntTests_Info.plist;
				LD_RUNPATH_SEARCH_PATHS = "$(inherited) @loader_path/../Frameworks @loader_path/Frameworks";
				OTHER_CFLAGS = "$(inherited)";
				OTHER_LDFLAGS = "$(inherited)";
				OTHER_SWIFT_FLAGS = "$(inherited)";
				SWIFT_VERSION = 4.0;
				TARGET_NAME = BigIntTests;
			};
			name = Debug;
		};
		OBJ_98 /* Release */ = {
			isa = XCBuildConfiguration;
			buildSettings = {
				EMBEDDED_CONTENT_CONTAINS_SWIFT = YES;
				FRAMEWORK_SEARCH_PATHS = (
					"$(inherited)",
					"$(PLATFORM_DIR)/Developer/Library/Frameworks",
				);
				HEADER_SEARCH_PATHS = "$(inherited)";
				INFOPLIST_FILE = BigInt.xcodeproj/BigIntTests_Info.plist;
				LD_RUNPATH_SEARCH_PATHS = "$(inherited) @loader_path/../Frameworks @loader_path/Frameworks";
				OTHER_CFLAGS = "$(inherited)";
				OTHER_LDFLAGS = "$(inherited)";
				OTHER_SWIFT_FLAGS = "$(inherited)";
				SWIFT_VERSION = 4.0;
				TARGET_NAME = BigIntTests;
			};
			name = Release;
		};
/* End XCBuildConfiguration section */

/* Begin XCConfigurationList section */
		OBJ_110 /* Build configuration list for PBXNativeTarget "SipHash" */ = {
			isa = XCConfigurationList;
			buildConfigurations = (
				OBJ_111 /* Debug */,
				OBJ_112 /* Release */,
			);
			defaultConfigurationIsVisible = 0;
			defaultConfigurationName = Release;
		};
		OBJ_120 /* Build configuration list for PBXNativeTarget "SipHashPackageDescription" */ = {
			isa = XCConfigurationList;
			buildConfigurations = (
				OBJ_121 /* Debug */,
				OBJ_122 /* Release */,
			);
			defaultConfigurationIsVisible = 0;
			defaultConfigurationName = Release;
		};
		OBJ_2 /* Build configuration list for PBXProject "BigInt" */ = {
			isa = XCConfigurationList;
			buildConfigurations = (
				OBJ_3 /* Debug */,
				OBJ_4 /* Release */,
			);
			defaultConfigurationIsVisible = 0;
			defaultConfigurationName = Release;
		};
		OBJ_54 /* Build configuration list for PBXNativeTarget "BigInt" */ = {
			isa = XCConfigurationList;
			buildConfigurations = (
				OBJ_55 /* Debug */,
				OBJ_56 /* Release */,
			);
			defaultConfigurationIsVisible = 0;
			defaultConfigurationName = Release;
		};
		OBJ_85 /* Build configuration list for PBXNativeTarget "BigIntPackageDescription" */ = {
			isa = XCConfigurationList;
			buildConfigurations = (
				OBJ_86 /* Debug */,
				OBJ_87 /* Release */,
			);
			defaultConfigurationIsVisible = 0;
			defaultConfigurationName = Release;
		};
		OBJ_91 /* Build configuration list for PBXAggregateTarget "BigIntPackageTests" */ = {
			isa = XCConfigurationList;
			buildConfigurations = (
				OBJ_92 /* Debug */,
				OBJ_93 /* Release */,
			);
			defaultConfigurationIsVisible = 0;
			defaultConfigurationName = Release;
		};
		OBJ_96 /* Build configuration list for PBXNativeTarget "BigIntTests" */ = {
			isa = XCConfigurationList;
			buildConfigurations = (
				OBJ_97 /* Debug */,
				OBJ_98 /* Release */,
			);
			defaultConfigurationIsVisible = 0;
			defaultConfigurationName = Release;
		};
/* End XCConfigurationList section */
	};
	rootObject = OBJ_1 /* Project object */;
}
